
Microsoft Visual Studio Solution File, Format Version 12.00
# Visual Studio 2012
Project("{8BC9CEB8-8B4A-11D0-8D11-00A0C91BC942}") = "SimpleCalculator", "SimpleCalculator\SimpleCalculator.vcxproj", "{52BB0960-67EE-48E8-91F4-1E1DB1ED58FC}"
EndProject
Global
	GlobalSection(SolutionConfigurationPlatforms) = preSolution
		Debug|Win32 = Debug|Win32
		Release|Win32 = Release|Win32
	EndGlobalSection
	GlobalSection(ProjectConfigurationPlatforms) = postSolution
		{52BB0960-67EE-48E8-91F4-1E1DB1ED58FC}.Debug|Win32.ActiveCfg = Debug|Win32
		{52BB0960-67EE-48E8-91F4-1E1DB1ED58FC}.Debug|Win32.Build.0 = Debug|Win32
		{52BB0960-67EE-48E8-91F4-1E1DB1ED58FC}.Release|Win32.ActiveCfg = Release|Win32
		{52BB0960-67EE-48E8-91F4-1E1DB1ED58FC}.Release|Win32.Build.0 = Release|Win32
	EndGlobalSection
	GlobalSection(SolutionProperties) = preSolution
		HideSolutionNode = FALSE
	EndGlobalSection
EndGlobal
